
Microsoft Visual Studio Solution File, Format Version 12.00
# Visual Studio 2013
VisualStudioVersion = 12.0.21005.1
MinimumVisualStudioVersion = 10.0.40219.1
Project("{FAE04EC0-301F-11D3-BF4B-00C04F79EFBC}") = "OnlineShop", "OnlineShop\OnlineShop.csproj", "{7A8361B1-C871-46CE-9B26-3823AF7F0575}"
EndProject
Project("{FAE04EC0-301F-11D3-BF4B-00C04F79EFBC}") = "Model", "Model\Model.csproj", "{2811345D-6D32-4DEF-8C7B-119CDC386ACD}"
EndProject
Project("{FAE04EC0-301F-11D3-BF4B-00C04F79EFBC}") = "Entity", "Entity\Entity.csproj", "{06D1338D-C280-4D9B-9735-5ED67A79759A}"
EndProject
Project("{FAE04EC0-301F-11D3-BF4B-00C04F79EFBC}") = "Common", "Common\Common.csproj", "{659B3DC8-5181-4AB2-B2DF-574FB37EBFF4}"
EndProject
Global
	GlobalSection(SolutionConfigurationPlatforms) = preSolution
		Debug|Any CPU = Debug|Any CPU
		Release|Any CPU = Release|Any CPU
	EndGlobalSection
	GlobalSection(ProjectConfigurationPlatforms) = postSolution
		{7A8361B1-C871-46CE-9B26-3823AF7F0575}.Debug|Any CPU.ActiveCfg = Debug|Any CPU
		{7A8361B1-C871-46CE-9B26-3823AF7F0575}.Debug|Any CPU.Build.0 = Debug|Any CPU
		{7A8361B1-C871-46CE-9B26-3823AF7F0575}.Release|Any CPU.ActiveCfg = Release|Any CPU
		{7A8361B1-C871-46CE-9B26-3823AF7F0575}.Release|Any CPU.Build.0 = Release|Any CPU
		{2811345D-6D32-4DEF-8C7B-119CDC386ACD}.Debug|Any CPU.ActiveCfg = Debug|Any CPU
		{2811345D-6D32-4DEF-8C7B-119CDC386ACD}.Debug|Any CPU.Build.0 = Debug|Any CPU
		{2811345D-6D32-4DEF-8C7B-119CDC386ACD}.Release|Any CPU.ActiveCfg = Release|Any CPU
		{2811345D-6D32-4DEF-8C7B-119CDC386ACD}.Release|Any CPU.Build.0 = Release|Any CPU
		{06D1338D-C280-4D9B-9735-5ED67A79759A}.Debug|Any CPU.ActiveCfg = Debug|Any CPU
		{06D1338D-C280-4D9B-9735-5ED67A79759A}.Debug|Any CPU.Build.0 = Debug|Any CPU
		{06D1338D-C280-4D9B-9735-5ED67A79759A}.Release|Any CPU.ActiveCfg = Release|Any CPU
		{06D1338D-C280-4D9B-9735-5ED67A79759A}.Release|Any CPU.Build.0 = Release|Any CPU
		{659B3DC8-5181-4AB2-B2DF-574FB37EBFF4}.Debug|Any CPU.ActiveCfg = Debug|Any CPU
		{659B3DC8-5181-4AB2-B2DF-574FB37EBFF4}.Debug|Any CPU.Build.0 = Debug|Any CPU
		{659B3DC8-5181-4AB2-B2DF-574FB37EBFF4}.Release|Any CPU.ActiveCfg = Release|Any CPU
		{659B3DC8-5181-4AB2-B2DF-574FB37EBFF4}.Release|Any CPU.Build.0 = Release|Any CPU
	EndGlobalSection
	GlobalSection(SolutionProperties) = preSolution
		HideSolutionNode = FALSE
	EndGlobalSection
EndGlobal
